
Microsoft Visual Studio Solution File, Format Version 12.00
# Visual Studio Version 17
VisualStudioVersion = 17.9.34728.123
MinimumVisualStudioVersion = 10.0.40219.1
Project("{FAE04EC0-301F-11D3-BF4B-00C04F79EFBC}") = "Eduprog", "Eduprog\Eduprog.csproj", "{F944A172-8E18-4630-BDBB-5244D42E3F13}"
EndProject
Global
	GlobalSection(SolutionConfigurationPlatforms) = preSolution
		Debug|Any CPU = Debug|Any CPU
		Release|Any CPU = Release|Any CPU
	EndGlobalSection
	GlobalSection(ProjectConfigurationPlatforms) = postSolution
		{F944A172-8E18-4630-BDBB-5244D42E3F13}.Debug|Any CPU.ActiveCfg = Debug|Any CPU
		{F944A172-8E18-4630-BDBB-5244D42E3F13}.Debug|Any CPU.Build.0 = Debug|Any CPU
		{F944A172-8E18-4630-BDBB-5244D42E3F13}.Release|Any CPU.ActiveCfg = Release|Any CPU
		{F944A172-8E18-4630-BDBB-5244D42E3F13}.Release|Any CPU.Build.0 = Release|Any CPU
	EndGlobalSection
	GlobalSection(SolutionProperties) = preSolution
		HideSolutionNode = FALSE
	EndGlobalSection
	GlobalSection(ExtensibilityGlobals) = postSolution
		SolutionGuid = {493302F3-18EB-498F-BDA6-923673F9E923}
	EndGlobalSection
EndGlobal
